# This file is automatically @generated by Cargo.
# It is not intended for manual editing.
version = 4

[[package]]
name = "gentoo-overlay-new-packages-to-rss"
version = "0.6.2"
dependencies = [
 "quick-xml",
]

[[package]]
name = "memchr"
version = "2.8.0"
source = "registry+https://github.com/rust-lang/crates.io-index"
checksum = "f8ca58f447f06ed17d5fc4043ce1b10dd205e060fb3ce5b979b8ed8e59ff3f79"

[[package]]
name = "quick-xml"
version = "0.40.1"
source = "registry+https://github.com/rust-lang/crates.io-index"
checksum = "2474bd2e5029e7ccb6abb2ba48cf2383a333851dedf495901544281590c7da7f"
dependencies = [
 "memchr",
]
